
Microsoft Visual Studio Solution File, Format Version 12.00
# Visual Studio Version 17
VisualStudioVersion = 17.1.32319.34
MinimumVisualStudioVersion = 10.0.40219.1
Project("{FAE04EC0-301F-11D3-BF4B-00C04F79EFBC}") = "ram_api.net", "ram_api.net\ram_api.net.csproj", "{7AEAE998-B81C-40D2-B5D9-9CA9FD47A99E}"
EndProject
Global
	GlobalSection(SolutionConfigurationPlatforms) = preSolution
		Debug|Any CPU = Debug|Any CPU
		Release|Any CPU = Release|Any CPU
	EndGlobalSection
	GlobalSection(ProjectConfigurationPlatforms) = postSolution
		{7AEAE998-B81C-40D2-B5D9-9CA9FD47A99E}.Debug|Any CPU.ActiveCfg = Debug|Any CPU
		{7AEAE998-B81C-40D2-B5D9-9CA9FD47A99E}.Debug|Any CPU.Build.0 = Debug|Any CPU
		{7AEAE998-B81C-40D2-B5D9-9CA9FD47A99E}.Release|Any CPU.ActiveCfg = Release|Any CPU
		{7AEAE998-B81C-40D2-B5D9-9CA9FD47A99E}.Release|Any CPU.Build.0 = Release|Any CPU
	EndGlobalSection
	GlobalSection(SolutionProperties) = preSolution
		HideSolutionNode = FALSE
	EndGlobalSection
	GlobalSection(ExtensibilityGlobals) = postSolution
		SolutionGuid = {63AC6B19-5579-4DF5-9133-9A0B01E91F6E}
	EndGlobalSection
EndGlobal
